
Microsoft Visual Studio Solution File, Format Version 12.00
# Visual Studio Version 17
VisualStudioVersion = 17.1.32328.378
MinimumVisualStudioVersion = 10.0.40219.1
Project("{9A19103F-16F7-4668-BE54-9A1E7A4F7556}") = "NumSharp", "NumSharp.csproj", "{2178F871-5ACA-4357-BD69-5A80F235D058}"
EndProject
Project("{2150E333-8FDC-42A3-9474-1A3956D46DE8}") = "Solution Items", "Solution Items", "{2BE97343-6639-429C-917D-52607F311740}"
	ProjectSection(SolutionItems) = preProject
		.editorconfig = .editorconfig
	EndProjectSection
EndProject
Project("{FAE04EC0-301F-11D3-BF4B-00C04F79EFBC}") = "TestNumSharp", "..\TestNumSharp\TestNumSharp.csproj", "{E3EAD365-C59C-426F-B23E-3763186CC279}"
EndProject
Global
	GlobalSection(SolutionConfigurationPlatforms) = preSolution
		Debug|Any CPU = Debug|Any CPU
		Release|Any CPU = Release|Any CPU
	EndGlobalSection
	GlobalSection(ProjectConfigurationPlatforms) = postSolution
		{2178F871-5ACA-4357-BD69-5A80F235D058}.Debug|Any CPU.ActiveCfg = Debug|Any CPU
		{2178F871-5ACA-4357-BD69-5A80F235D058}.Debug|Any CPU.Build.0 = Debug|Any CPU
		{2178F871-5ACA-4357-BD69-5A80F235D058}.Release|Any CPU.ActiveCfg = Release|Any CPU
		{2178F871-5ACA-4357-BD69-5A80F235D058}.Release|Any CPU.Build.0 = Release|Any CPU
		{E3EAD365-C59C-426F-B23E-3763186CC279}.Debug|Any CPU.ActiveCfg = Debug|Any CPU
		{E3EAD365-C59C-426F-B23E-3763186CC279}.Debug|Any CPU.Build.0 = Debug|Any CPU
		{E3EAD365-C59C-426F-B23E-3763186CC279}.Release|Any CPU.ActiveCfg = Release|Any CPU
		{E3EAD365-C59C-426F-B23E-3763186CC279}.Release|Any CPU.Build.0 = Release|Any CPU
	EndGlobalSection
	GlobalSection(SolutionProperties) = preSolution
		HideSolutionNode = FALSE
	EndGlobalSection
	GlobalSection(ExtensibilityGlobals) = postSolution
		SolutionGuid = {9B3E0632-C221-46A1-8972-CDB6C8FED6DC}
	EndGlobalSection
EndGlobal
